// !$*UTF8*$!
{
	archiveVersion = 1;
	classes = {
	};
	objectVersion = 56;
	objects = {

/* Begin PBXBuildFile section */
		727E3D8E2C58CC890095E1D3 /* AppDelegate.swift in Sources */ = {isa = PBXBuildFile; fileRef = 727E3D8D2C58CC890095E1D3 /* AppDelegate.swift */; };
		727E3D902C58CC890095E1D3 /* SceneDelegate.swift in Sources */ = {isa = PBXBuildFile; fileRef = 727E3D8F2C58CC890095E1D3 /* SceneDelegate.swift */; };
		727E3D922C58CC890095E1D3 /* ViewController.swift in Sources */ = {isa = PBXBuildFile; fileRef = 727E3D912C58CC890095E1D3 /* ViewController.swift */; };
		727E3D952C58CC890095E1D3 /* Base in Resources */ = {isa = PBXBuildFile; fileRef = 727E3D942C58CC890095E1D3 /* Base */; };
		727E3D972C58CC8A0095E1D3 /* Assets.xcassets in Resources */ = {isa = PBXBuildFile; fileRef = 727E3D962C58CC8A0095E1D3 /* Assets.xcassets */; };
		727E3D9A2C58CC8A0095E1D3 /* Base in Resources */ = {isa = PBXBuildFile; fileRef = 727E3D992C58CC8A0095E1D3 /* Base */; };
		727E3DA32C58CCF80095E1D3 /* RxCocoa in Frameworks */ = {isa = PBXBuildFile; productRef = 727E3DA22C58CCF80095E1D3 /* RxCocoa */; };
		727E3DA52C58CCF80095E1D3 /* RxSwift in Frameworks */ = {isa = PBXBuildFile; productRef = 727E3DA42C58CCF80095E1D3 /* RxSwift */; };
		727E3DA82C58CD460095E1D3 /* SnapKit in Frameworks */ = {isa = PBXBuildFile; productRef = 727E3DA72C58CD460095E1D3 /* SnapKit */; };
		727E3DAA2C58CD8B0095E1D3 /* TableViewController.swift in Sources */ = {isa = PBXBuildFile; fileRef = 727E3DA92C58CD8B0095E1D3 /* TableViewController.swift */; };
		727E3DAC2C58D3E10095E1D3 /* PickerViewController.swift in Sources */ = {isa = PBXBuildFile; fileRef = 727E3DAB2C58D3E10095E1D3 /* PickerViewController.swift */; };
		727E3DAF2C591C220095E1D3 /* UISwitchViewController.swift in Sources */ = {isa = PBXBuildFile; fileRef = 727E3DAE2C591C220095E1D3 /* UISwitchViewController.swift */; };
		727E3DB12C591D480095E1D3 /* UITextFieldAndUIButtonViewController.swift in Sources */ = {isa = PBXBuildFile; fileRef = 727E3DB02C591D480095E1D3 /* UITextFieldAndUIButtonViewController.swift */; };
		727E3DB62C5A54210095E1D3 /* AddingNumbersViewController.swift in Sources */ = {isa = PBXBuildFile; fileRef = 727E3DB52C5A54210095E1D3 /* AddingNumbersViewController.swift */; };
		727E3DB82C5A58250095E1D3 /* SimpleValidationViewController.swift in Sources */ = {isa = PBXBuildFile; fileRef = 727E3DB72C5A58250095E1D3 /* SimpleValidationViewController.swift */; };
		727E3DBA2C5A7AB10095E1D3 /* SimpleTableViewExampleViewController.swift in Sources */ = {isa = PBXBuildFile; fileRef = 727E3DB92C5A7AB10095E1D3 /* SimpleTableViewExampleViewController.swift */; };
/* End PBXBuildFile section */

/* Begin PBXFileReference section */
		727E3D8A2C58CC890095E1D3 /* RxSwiftProject.app */ = {isa = PBXFileReference; explicitFileType = wrapper.application; includeInIndex = 0; path = RxSwiftProject.app; sourceTree = BUILT_PRODUCTS_DIR; };
		727E3D8D2C58CC890095E1D3 /* AppDelegate.swift */ = {isa = PBXFileReference; lastKnownFileType = sourcecode.swift; path = AppDelegate.swift; sourceTree = "<group>"; };
		727E3D8F2C58CC890095E1D3 /* SceneDelegate.swift */ = {isa = PBXFileReference; lastKnownFileType = sourcecode.swift; path = SceneDelegate.swift; sourceTree = "<group>"; };
		727E3D912C58CC890095E1D3 /* ViewController.swift */ = {isa = PBXFileReference; lastKnownFileType = sourcecode.swift; path = ViewController.swift; sourceTree = "<group>"; };
		727E3D942C58CC890095E1D3 /* Base */ = {isa = PBXFileReference; lastKnownFileType = file.storyboard; name = Base; path = Base.lproj/Main.storyboard; sourceTree = "<group>"; };
		727E3D962C58CC8A0095E1D3 /* Assets.xcassets */ = {isa = PBXFileReference; lastKnownFileType = folder.assetcatalog; path = Assets.xcassets; sourceTree = "<group>"; };
		727E3D992C58CC8A0095E1D3 /* Base */ = {isa = PBXFileReference; lastKnownFileType = file.storyboard; name = Base; path = Base.lproj/LaunchScreen.storyboard; sourceTree = "<group>"; };
		727E3D9B2C58CC8A0095E1D3 /* Info.plist */ = {isa = PBXFileReference; lastKnownFileType = text.plist.xml; path = Info.plist; sourceTree = "<group>"; };
		727E3DA92C58CD8B0095E1D3 /* TableViewController.swift */ = {isa = PBXFileReference; lastKnownFileType = sourcecode.swift; path = TableViewController.swift; sourceTree = "<group>"; };
		727E3DAB2C58D3E10095E1D3 /* PickerViewController.swift */ = {isa = PBXFileReference; lastKnownFileType = sourcecode.swift; path = PickerViewController.swift; sourceTree = "<group>"; };
		727E3DAE2C591C220095E1D3 /* UISwitchViewController.swift */ = {isa = PBXFileReference; lastKnownFileType = sourcecode.swift; path = UISwitchViewController.swift; sourceTree = "<group>"; };
		727E3DB02C591D480095E1D3 /* UITextFieldAndUIButtonViewController.swift */ = {isa = PBXFileReference; lastKnownFileType = sourcecode.swift; path = UITextFieldAndUIButtonViewController.swift; sourceTree = "<group>"; };
		727E3DB52C5A54210095E1D3 /* AddingNumbersViewController.swift */ = {isa = PBXFileReference; lastKnownFileType = sourcecode.swift; path = AddingNumbersViewController.swift; sourceTree = "<group>"; };
		727E3DB72C5A58250095E1D3 /* SimpleValidationViewController.swift */ = {isa = PBXFileReference; lastKnownFileType = sourcecode.swift; path = SimpleValidationViewController.swift; sourceTree = "<group>"; };
		727E3DB92C5A7AB10095E1D3 /* SimpleTableViewExampleViewController.swift */ = {isa = PBXFileReference; lastKnownFileType = sourcecode.swift; path = SimpleTableViewExampleViewController.swift; sourceTree = "<group>"; };
/* End PBXFileReference section */

/* Begin PBXFrameworksBuildPhase section */
		727E3D872C58CC890095E1D3 /* Frameworks */ = {
			isa = PBXFrameworksBuildPhase;
			buildActionMask = 2147483647;
			files = (
				727E3DA82C58CD460095E1D3 /* SnapKit in Frameworks */,
				727E3DA52C58CCF80095E1D3 /* RxSwift in Frameworks */,
				727E3DA32C58CCF80095E1D3 /* RxCocoa in Frameworks */,
			);
			runOnlyForDeploymentPostprocessing = 0;
		};
/* End PBXFrameworksBuildPhase section */

/* Begin PBXGroup section */
		727E3D812C58CC890095E1D3 = {
			isa = PBXGroup;
			children = (
				727E3D8C2C58CC890095E1D3 /* RxSwiftProject */,
				727E3D8B2C58CC890095E1D3 /* Products */,
			);
			sourceTree = "<group>";
		};
		727E3D8B2C58CC890095E1D3 /* Products */ = {
			isa = PBXGroup;
			children = (
				727E3D8A2C58CC890095E1D3 /* RxSwiftProject.app */,
			);
			name = Products;
			sourceTree = "<group>";
		};
		727E3D8C2C58CC890095E1D3 /* RxSwiftProject */ = {
			isa = PBXGroup;
			children = (
				727E3D8D2C58CC890095E1D3 /* AppDelegate.swift */,
				727E3D8F2C58CC890095E1D3 /* SceneDelegate.swift */,
				727E3D912C58CC890095E1D3 /* ViewController.swift */,
				727E3D932C58CC890095E1D3 /* Main.storyboard */,
				727E3D962C58CC8A0095E1D3 /* Assets.xcassets */,
				727E3D982C58CC8A0095E1D3 /* LaunchScreen.storyboard */,
				727E3D9B2C58CC8A0095E1D3 /* Info.plist */,
				727E3DAB2C58D3E10095E1D3 /* PickerViewController.swift */,
				727E3DA92C58CD8B0095E1D3 /* TableViewController.swift */,
				727E3DAE2C591C220095E1D3 /* UISwitchViewController.swift */,
				727E3DB02C591D480095E1D3 /* UITextFieldAndUIButtonViewController.swift */,
				727E3DB52C5A54210095E1D3 /* AddingNumbersViewController.swift */,
				727E3DB72C5A58250095E1D3 /* SimpleValidationViewController.swift */,
				727E3DB92C5A7AB10095E1D3 /* SimpleTableViewExampleViewController.swift */,
			);
			path = RxSwiftProject;
			sourceTree = "<group>";
		};
/* End PBXGroup section */

/* Begin PBXNativeTarget section */
		727E3D892C58CC890095E1D3 /* RxSwiftProject */ = {
			isa = PBXNativeTarget;
			buildConfigurationList = 727E3D9E2C58CC8A0095E1D3 /* Build configuration list for PBXNativeTarget "RxSwiftProject" */;
			buildPhases = (
				727E3D862C58CC890095E1D3 /* Sources */,
				727E3D872C58CC890095E1D3 /* Frameworks */,
				727E3D882C58CC890095E1D3 /* Resources */,
			);
			buildRules = (
			);
			dependencies = (
			);
			name = RxSwiftProject;
			packageProductDependencies = (
				727E3DA22C58CCF80095E1D3 /* RxCocoa */,
				727E3DA42C58CCF80095E1D3 /* RxSwift */,
				727E3DA72C58CD460095E1D3 /* SnapKit */,
			);
			productName = RxSwiftProject;
			productReference = 727E3D8A2C58CC890095E1D3 /* RxSwiftProject.app */;
			productType = "com.apple.product-type.application";
		};
/* End PBXNativeTarget section */

/* Begin PBXProject section */
		727E3D822C58CC890095E1D3 /* Project object */ = {
			isa = PBXProject;
			attributes = {
				BuildIndependentTargetsInParallel = 1;
				LastSwiftUpdateCheck = 1530;
				LastUpgradeCheck = 1530;
				TargetAttributes = {
					727E3D892C58CC890095E1D3 = {
						CreatedOnToolsVersion = 15.3;
					};
				};
			};
			buildConfigurationList = 727E3D852C58CC890095E1D3 /* Build configuration list for PBXProject "RxSwiftProject" */;
			compatibilityVersion = "Xcode 14.0";
			developmentRegion = en;
			hasScannedForEncodings = 0;
			knownRegions = (
				en,
				Base,
			);
			mainGroup = 727E3D812C58CC890095E1D3;
			packageReferences = (
				727E3DA12C58CCF80095E1D3 /* XCRemoteSwiftPackageReference "RxSwift" */,
				727E3DA62C58CD460095E1D3 /* XCRemoteSwiftPackageReference "SnapKit" */,
			);
			productRefGroup = 727E3D8B2C58CC890095E1D3 /* Products */;
			projectDirPath = "";
			projectRoot = "";
			targets = (
				727E3D892C58CC890095E1D3 /* RxSwiftProject */,
			);
		};
/* End PBXProject section */

/* Begin PBXResourcesBuildPhase section */
		727E3D882C58CC890095E1D3 /* Resources */ = {
			isa = PBXResourcesBuildPhase;
			buildActionMask = 2147483647;
			files = (
				727E3D972C58CC8A0095E1D3 /* Assets.xcassets in Resources */,
				727E3D9A2C58CC8A0095E1D3 /* Base in Resources */,
				727E3D952C58CC890095E1D3 /* Base in Resources */,
			);
			runOnlyForDeploymentPostprocessing = 0;
		};
/* End PBXResourcesBuildPhase section */

/* Begin PBXSourcesBuildPhase section */
		727E3D862C58CC890095E1D3 /* Sources */ = {
			isa = PBXSourcesBuildPhase;
			buildActionMask = 2147483647;
			files = (
				727E3DAC2C58D3E10095E1D3 /* PickerViewController.swift in Sources */,
				727E3D922C58CC890095E1D3 /* ViewController.swift in Sources */,
				727E3DB82C5A58250095E1D3 /* SimpleValidationViewController.swift in Sources */,
				727E3DB62C5A54210095E1D3 /* AddingNumbersViewController.swift in Sources */,
				727E3D8E2C58CC890095E1D3 /* AppDelegate.swift in Sources */,
				727E3D902C58CC890095E1D3 /* SceneDelegate.swift in Sources */,
				727E3DAF2C591C220095E1D3 /* UISwitchViewController.swift in Sources */,
				727E3DAA2C58CD8B0095E1D3 /* TableViewController.swift in Sources */,
				727E3DB12C591D480095E1D3 /* UITextFieldAndUIButtonViewController.swift in Sources */,
				727E3DBA2C5A7AB10095E1D3 /* SimpleTableViewExampleViewController.swift in Sources */,
			);
			runOnlyForDeploymentPostprocessing = 0;
		};
/* End PBXSourcesBuildPhase section */

/* Begin PBXVariantGroup section */
		727E3D932C58CC890095E1D3 /* Main.storyboard */ = {
			isa = PBXVariantGroup;
			children = (
				727E3D942C58CC890095E1D3 /* Base */,
			);
			name = Main.storyboard;
			sourceTree = "<group>";
		};
		727E3D982C58CC8A0095E1D3 /* LaunchScreen.storyboard */ = {
			isa = PBXVariantGroup;
			children = (
				727E3D992C58CC8A0095E1D3 /* Base */,
			);
			name = LaunchScreen.storyboard;
			sourceTree = "<group>";
		};
/* End PBXVariantGroup section */

/* Begin XCBuildConfiguration section */
		727E3D9C2C58CC8A0095E1D3 /* Debug */ = {
			isa = XCBuildConfiguration;
			buildSettings = {
				ALWAYS_SEARCH_USER_PATHS = NO;
				ASSETCATALOG_COMPILER_GENERATE_SWIFT_ASSET_SYMBOL_EXTENSIONS = YES;
				CLANG_ANALYZER_NONNULL = YES;
				CLANG_ANALYZER_NUMBER_OBJECT_CONVERSION = YES_AGGRESSIVE;
				CLANG_CXX_LANGUAGE_STANDARD = "gnu++20";
				CLANG_ENABLE_MODULES = YES;
				CLANG_ENABLE_OBJC_ARC = YES;
				CLANG_ENABLE_OBJC_WEAK = YES;
				CLANG_WARN_BLOCK_CAPTURE_AUTORELEASING = YES;
				CLANG_WARN_BOOL_CONVERSION = YES;
				CLANG_WARN_COMMA = YES;
				CLANG_WARN_CONSTANT_CONVERSION = YES;
				CLANG_WARN_DEPRECATED_OBJC_IMPLEMENTATIONS = YES;
				CLANG_WARN_DIRECT_OBJC_ISA_USAGE = YES_ERROR;
				CLANG_WARN_DOCUMENTATION_COMMENTS = YES;
				CLANG_WARN_EMPTY_BODY = YES;
				CLANG_WARN_ENUM_CONVERSION = YES;
				CLANG_WARN_INFINITE_RECURSION = YES;
				CLANG_WARN_INT_CONVERSION = YES;
				CLANG_WARN_NON_LITERAL_NULL_CONVERSION = YES;
				CLANG_WARN_OBJC_IMPLICIT_RETAIN_SELF = YES;
				CLANG_WARN_OBJC_LITERAL_CONVERSION = YES;
				CLANG_WARN_OBJC_ROOT_CLASS = YES_ERROR;
				CLANG_WARN_QUOTED_INCLUDE_IN_FRAMEWORK_HEADER = YES;
				CLANG_WARN_RANGE_LOOP_ANALYSIS = YES;
				CLANG_WARN_STRICT_PROTOTYPES = YES;
				CLANG_WARN_SUSPICIOUS_MOVE = YES;
				CLANG_WARN_UNGUARDED_AVAILABILITY = YES_AGGRESSIVE;
				CLANG_WARN_UNREACHABLE_CODE = YES;
				CLANG_WARN__DUPLICATE_METHOD_MATCH = YES;
				COPY_PHASE_STRIP = NO;
				DEBUG_INFORMATION_FORMAT = dwarf;
				ENABLE_STRICT_OBJC_MSGSEND = YES;
				ENABLE_TESTABILITY = YES;
				ENABLE_USER_SCRIPT_SANDBOXING = YES;
				GCC_C_LANGUAGE_STANDARD = gnu17;
				GCC_DYNAMIC_NO_PIC = NO;
				GCC_NO_COMMON_BLOCKS = YES;
				GCC_OPTIMIZATION_LEVEL = 0;
				GCC_PREPROCESSOR_DEFINITIONS = (
					"DEBUG=1",
					"$(inherited)",
				);
				GCC_WARN_64_TO_32_BIT_CONVERSION = YES;
				GCC_WARN_ABOUT_RETURN_TYPE = YES_ERROR;
				GCC_WARN_UNDECLARED_SELECTOR = YES;
				GCC_WARN_UNINITIALIZED_AUTOS = YES_AGGRESSIVE;
				GCC_WARN_UNUSED_FUNCTION = YES;
				GCC_WARN_UNUSED_VARIABLE = YES;
				IPHONEOS_DEPLOYMENT_TARGET = 17.4;
				LOCALIZATION_PREFERS_STRING_CATALOGS = YES;
				MTL_ENABLE_DEBUG_INFO = INCLUDE_SOURCE;
				MTL_FAST_MATH = YES;
				ONLY_ACTIVE_ARCH = YES;
				SDKROOT = iphoneos;
				SWIFT_ACTIVE_COMPILATION_CONDITIONS = "DEBUG $(inherited)";
				SWIFT_OPTIMIZATION_LEVEL = "-Onone";
			};
			name = Debug;
		};
		727E3D9D2C58CC8A0095E1D3 /* Release */ = {
			isa = XCBuildConfiguration;
			buildSettings = {
				ALWAYS_SEARCH_USER_PATHS = NO;
				ASSETCATALOG_COMPILER_GENERATE_SWIFT_ASSET_SYMBOL_EXTENSIONS = YES;
				CLANG_ANALYZER_NONNULL = YES;
				CLANG_ANALYZER_NUMBER_OBJECT_CONVERSION = YES_AGGRESSIVE;
				CLANG_CXX_LANGUAGE_STANDARD = "gnu++20";
				CLANG_ENABLE_MODULES = YES;
				CLANG_ENABLE_OBJC_ARC = YES;
				CLANG_ENABLE_OBJC_WEAK = YES;
				CLANG_WARN_BLOCK_CAPTURE_AUTORELEASING = YES;
				CLANG_WARN_BOOL_CONVERSION = YES;
				CLANG_WARN_COMMA = YES;
				CLANG_WARN_CONSTANT_CONVERSION = YES;
				CLANG_WARN_DEPRECATED_OBJC_IMPLEMENTATIONS = YES;
				CLANG_WARN_DIRECT_OBJC_ISA_USAGE = YES_ERROR;
				CLANG_WARN_DOCUMENTATION_COMMENTS = YES;
				CLANG_WARN_EMPTY_BODY = YES;
				CLANG_WARN_ENUM_CONVERSION = YES;
				CLANG_WARN_INFINITE_RECURSION = YES;
				CLANG_WARN_INT_CONVERSION = YES;
				CLANG_WARN_NON_LITERAL_NULL_CONVERSION = YES;
				CLANG_WARN_OBJC_IMPLICIT_RETAIN_SELF = YES;
				CLANG_WARN_OBJC_LITERAL_CONVERSION = YES;
				CLANG_WARN_OBJC_ROOT_CLASS = YES_ERROR;
				CLANG_WARN_QUOTED_INCLUDE_IN_FRAMEWORK_HEADER = YES;
				CLANG_WARN_RANGE_LOOP_ANALYSIS = YES;
				CLANG_WARN_STRICT_PROTOTYPES = YES;
				CLANG_WARN_SUSPICIOUS_MOVE = YES;
				CLANG_WARN_UNGUARDED_AVAILABILITY = YES_AGGRESSIVE;
				CLANG_WARN_UNREACHABLE_CODE = YES;
				CLANG_WARN__DUPLICATE_METHOD_MATCH = YES;
				COPY_PHASE_STRIP = NO;
				DEBUG_INFORMATION_FORMAT = "dwarf-with-dsym";
				ENABLE_NS_ASSERTIONS = NO;
				ENABLE_STRICT_OBJC_MSGSEND = YES;
				ENABLE_USER_SCRIPT_SANDBOXING = YES;
				GCC_C_LANGUAGE_STANDARD = gnu17;
				GCC_NO_COMMON_BLOCKS = YES;
				GCC_WARN_64_TO_32_BIT_CONVERSION = YES;
				GCC_WARN_ABOUT_RETURN_TYPE = YES_ERROR;
				GCC_WARN_UNDECLARED_SELECTOR = YES;
				GCC_WARN_UNINITIALIZED_AUTOS = YES_AGGRESSIVE;
				GCC_WARN_UNUSED_FUNCTION = YES;
				GCC_WARN_UNUSED_VARIABLE = YES;
				IPHONEOS_DEPLOYMENT_TARGET = 17.4;
				LOCALIZATION_PREFERS_STRING_CATALOGS = YES;
				MTL_ENABLE_DEBUG_INFO = NO;
				MTL_FAST_MATH = YES;
				SDKROOT = iphoneos;
				SWIFT_COMPILATION_MODE = wholemodule;
				VALIDATE_PRODUCT = YES;
			};
			name = Release;
		};
		727E3D9F2C58CC8A0095E1D3 /* Debug */ = {
			isa = XCBuildConfiguration;
			buildSettings = {
				ASSETCATALOG_COMPILER_APPICON_NAME = AppIcon;
				ASSETCATALOG_COMPILER_GLOBAL_ACCENT_COLOR_NAME = AccentColor;
				CODE_SIGN_STYLE = Automatic;
				CURRENT_PROJECT_VERSION = 1;
				DEVELOPMENT_TEAM = QQN262X7KM;
				GENERATE_INFOPLIST_FILE = YES;
				INFOPLIST_FILE = RxSwiftProject/Info.plist;
				INFOPLIST_KEY_UIApplicationSupportsIndirectInputEvents = YES;
				INFOPLIST_KEY_UILaunchStoryboardName = LaunchScreen;
				INFOPLIST_KEY_UIMainStoryboardFile = Main;
				INFOPLIST_KEY_UISupportedInterfaceOrientations = UIInterfaceOrientationPortrait;
				INFOPLIST_KEY_UISupportedInterfaceOrientations_iPad = "UIInterfaceOrientationLandscapeLeft UIInterfaceOrientationLandscapeRight UIInterfaceOrientationPortrait UIInterfaceOrientationPortraitUpsideDown";
				IPHONEOS_DEPLOYMENT_TARGET = 16.0;
				LD_RUNPATH_SEARCH_PATHS = (
					"$(inherited)",
					"@executable_path/Frameworks",
				);
				MARKETING_VERSION = 1.0;
				PRODUCT_BUNDLE_IDENTIFIER = com.Jun.RxSwiftProject;
				PRODUCT_NAME = "$(TARGET_NAME)";
				SUPPORTED_PLATFORMS = "iphoneos iphonesimulator";
				SUPPORTS_MACCATALYST = NO;
				SUPPORTS_MAC_DESIGNED_FOR_IPHONE_IPAD = NO;
				SUPPORTS_XR_DESIGNED_FOR_IPHONE_IPAD = NO;
				SWIFT_EMIT_LOC_STRINGS = YES;
				SWIFT_VERSION = 5.0;
				TARGETED_DEVICE_FAMILY = 1;
			};
			name = Debug;
		};
		727E3DA02C58CC8A0095E1D3 /* Release */ = {
			isa = XCBuildConfiguration;
			buildSettings = {
				ASSETCATALOG_COMPILER_APPICON_NAME = AppIcon;
				ASSETCATALOG_COMPILER_GLOBAL_ACCENT_COLOR_NAME = AccentColor;
				CODE_SIGN_STYLE = Automatic;
				CURRENT_PROJECT_VERSION = 1;
				DEVELOPMENT_TEAM = QQN262X7KM;
				GENERATE_INFOPLIST_FILE = YES;
				INFOPLIST_FILE = RxSwiftProject/Info.plist;
				INFOPLIST_KEY_UIApplicationSupportsIndirectInputEvents = YES;
				INFOPLIST_KEY_UILaunchStoryboardName = LaunchScreen;
				INFOPLIST_KEY_UIMainStoryboardFile = Main;
				INFOPLIST_KEY_UISupportedInterfaceOrientations = UIInterfaceOrientationPortrait;
				INFOPLIST_KEY_UISupportedInterfaceOrientations_iPad = "UIInterfaceOrientationLandscapeLeft UIInterfaceOrientationLandscapeRight UIInterfaceOrientationPortrait UIInterfaceOrientationPortraitUpsideDown";
				IPHONEOS_DEPLOYMENT_TARGET = 16.0;
				LD_RUNPATH_SEARCH_PATHS = (
					"$(inherited)",
					"@executable_path/Frameworks",
				);
				MARKETING_VERSION = 1.0;
				PRODUCT_BUNDLE_IDENTIFIER = com.Jun.RxSwiftProject;
				PRODUCT_NAME = "$(TARGET_NAME)";
				SUPPORTED_PLATFORMS = "iphoneos iphonesimulator";
				SUPPORTS_MACCATALYST = NO;
				SUPPORTS_MAC_DESIGNED_FOR_IPHONE_IPAD = NO;
				SUPPORTS_XR_DESIGNED_FOR_IPHONE_IPAD = NO;
				SWIFT_EMIT_LOC_STRINGS = YES;
				SWIFT_VERSION = 5.0;
				TARGETED_DEVICE_FAMILY = 1;
			};
			name = Release;
		};
/* End XCBuildConfiguration section */

/* Begin XCConfigurationList section */
		727E3D852C58CC890095E1D3 /* Build configuration list for PBXProject "RxSwiftProject" */ = {
			isa = XCConfigurationList;
			buildConfigurations = (
				727E3D9C2C58CC8A0095E1D3 /* Debug */,
				727E3D9D2C58CC8A0095E1D3 /* Release */,
			);
			defaultConfigurationIsVisible = 0;
			defaultConfigurationName = Release;
		};
		727E3D9E2C58CC8A0095E1D3 /* Build configuration list for PBXNativeTarget "RxSwiftProject" */ = {
			isa = XCConfigurationList;
			buildConfigurations = (
				727E3D9F2C58CC8A0095E1D3 /* Debug */,
				727E3DA02C58CC8A0095E1D3 /* Release */,
			);
			defaultConfigurationIsVisible = 0;
			defaultConfigurationName = Release;
		};
/* End XCConfigurationList section */

/* Begin XCRemoteSwiftPackageReference section */
		727E3DA12C58CCF80095E1D3 /* XCRemoteSwiftPackageReference "RxSwift" */ = {
			isa = XCRemoteSwiftPackageReference;
			repositoryURL = "https://github.com/ReactiveX/RxSwift.git";
			requirement = {
				kind = upToNextMajorVersion;
				minimumVersion = 6.7.1;
			};
		};
		727E3DA62C58CD460095E1D3 /* XCRemoteSwiftPackageReference "SnapKit" */ = {
			isa = XCRemoteSwiftPackageReference;
			repositoryURL = "https://github.com/SnapKit/SnapKit.git";
			requirement = {
				kind = upToNextMajorVersion;
				minimumVersion = 5.7.1;
			};
		};
/* End XCRemoteSwiftPackageReference section */

/* Begin XCSwiftPackageProductDependency section */
		727E3DA22C58CCF80095E1D3 /* RxCocoa */ = {
			isa = XCSwiftPackageProductDependency;
			package = 727E3DA12C58CCF80095E1D3 /* XCRemoteSwiftPackageReference "RxSwift" */;
			productName = RxCocoa;
		};
		727E3DA42C58CCF80095E1D3 /* RxSwift */ = {
			isa = XCSwiftPackageProductDependency;
			package = 727E3DA12C58CCF80095E1D3 /* XCRemoteSwiftPackageReference "RxSwift" */;
			productName = RxSwift;
		};
		727E3DA72C58CD460095E1D3 /* SnapKit */ = {
			isa = XCSwiftPackageProductDependency;
			package = 727E3DA62C58CD460095E1D3 /* XCRemoteSwiftPackageReference "SnapKit" */;
			productName = SnapKit;
		};
/* End XCSwiftPackageProductDependency section */
	};
	rootObject = 727E3D822C58CC890095E1D3 /* Project object */;
}
